
Microsoft Visual Studio Solution File, Format Version 12.00
# Visual Studio 15
VisualStudioVersion = 15.0.28307.329
MinimumVisualStudioVersion = 10.0.40219.1
Project("{FAE04EC0-301F-11D3-BF4B-00C04F79EFBC}") = "OSConsole", "OSConsole\OSConsole.csproj", "{5DF97DD9-6C6E-4EAC-9276-8BA67382FF8B}"
EndProject
Project("{FAE04EC0-301F-11D3-BF4B-00C04F79EFBC}") = "OSModel", "OSModel\OSModel.csproj", "{8B1084CB-F9FD-45C4-9393-BC87848BEAED}"
EndProject
Global
	GlobalSection(SolutionConfigurationPlatforms) = preSolution
		Debug|Any CPU = Debug|Any CPU
		Release|Any CPU = Release|Any CPU
	EndGlobalSection
	GlobalSection(ProjectConfigurationPlatforms) = postSolution
		{5DF97DD9-6C6E-4EAC-9276-8BA67382FF8B}.Debug|Any CPU.ActiveCfg = Debug|Any CPU
		{5DF97DD9-6C6E-4EAC-9276-8BA67382FF8B}.Debug|Any CPU.Build.0 = Debug|Any CPU
		{5DF97DD9-6C6E-4EAC-9276-8BA67382FF8B}.Release|Any CPU.ActiveCfg = Release|Any CPU
		{5DF97DD9-6C6E-4EAC-9276-8BA67382FF8B}.Release|Any CPU.Build.0 = Release|Any CPU
		{8B1084CB-F9FD-45C4-9393-BC87848BEAED}.Debug|Any CPU.ActiveCfg = Debug|Any CPU
		{8B1084CB-F9FD-45C4-9393-BC87848BEAED}.Debug|Any CPU.Build.0 = Debug|Any CPU
		{8B1084CB-F9FD-45C4-9393-BC87848BEAED}.Release|Any CPU.ActiveCfg = Release|Any CPU
		{8B1084CB-F9FD-45C4-9393-BC87848BEAED}.Release|Any CPU.Build.0 = Release|Any CPU
	EndGlobalSection
	GlobalSection(SolutionProperties) = preSolution
		HideSolutionNode = FALSE
	EndGlobalSection
	GlobalSection(ExtensibilityGlobals) = postSolution
		SolutionGuid = {98A1E6A0-48DA-4B01-B952-2645350568BD}
	EndGlobalSection
EndGlobal
